
Microsoft Visual Studio Solution File, Format Version 12.00
# Visual Studio 15
VisualStudioVersion = 15.0.28307.757
MinimumVisualStudioVersion = 10.0.40219.1
Project("{8BC9CEB8-8B4A-11D0-8D11-00A0C91BC942}") = "LAB1", "LAB1\LAB1.vcxproj", "{61215412-2011-452A-B3C7-AF82CF14FD10}"
EndProject
Global
	GlobalSection(SolutionConfigurationPlatforms) = preSolution
		Debug|x64 = Debug|x64
		Debug|x86 = Debug|x86
		Release|x64 = Release|x64
		Release|x86 = Release|x86
	EndGlobalSection
	GlobalSection(ProjectConfigurationPlatforms) = postSolution
		{61215412-2011-452A-B3C7-AF82CF14FD10}.Debug|x64.ActiveCfg = Debug|x64
		{61215412-2011-452A-B3C7-AF82CF14FD10}.Debug|x64.Build.0 = Debug|x64
		{61215412-2011-452A-B3C7-AF82CF14FD10}.Debug|x86.ActiveCfg = Debug|Win32
		{61215412-2011-452A-B3C7-AF82CF14FD10}.Debug|x86.Build.0 = Debug|Win32
		{61215412-2011-452A-B3C7-AF82CF14FD10}.Release|x64.ActiveCfg = Release|x64
		{61215412-2011-452A-B3C7-AF82CF14FD10}.Release|x64.Build.0 = Release|x64
		{61215412-2011-452A-B3C7-AF82CF14FD10}.Release|x86.ActiveCfg = Release|Win32
		{61215412-2011-452A-B3C7-AF82CF14FD10}.Release|x86.Build.0 = Release|Win32
	EndGlobalSection
	GlobalSection(SolutionProperties) = preSolution
		HideSolutionNode = FALSE
	EndGlobalSection
	GlobalSection(ExtensibilityGlobals) = postSolution
		SolutionGuid = {07973AEA-4F62-4CE9-8C9B-8097327D826D}
	EndGlobalSection
EndGlobal
